
Microsoft Visual Studio Solution File, Format Version 12.00
# Visual Studio Version 17
VisualStudioVersion = 17.9.34728.123
MinimumVisualStudioVersion = 10.0.40219.1
Project("{FAE04EC0-301F-11D3-BF4B-00C04F79EFBC}") = "Cronometro", "Cronometro\Cronometro.csproj", "{97C5A1D7-2442-403A-8109-571CF9F09E38}"
EndProject
Global
	GlobalSection(SolutionConfigurationPlatforms) = preSolution
		Debug|Any CPU = Debug|Any CPU
		Release|Any CPU = Release|Any CPU
	EndGlobalSection
	GlobalSection(ProjectConfigurationPlatforms) = postSolution
		{97C5A1D7-2442-403A-8109-571CF9F09E38}.Debug|Any CPU.ActiveCfg = Debug|Any CPU
		{97C5A1D7-2442-403A-8109-571CF9F09E38}.Debug|Any CPU.Build.0 = Debug|Any CPU
		{97C5A1D7-2442-403A-8109-571CF9F09E38}.Release|Any CPU.ActiveCfg = Release|Any CPU
		{97C5A1D7-2442-403A-8109-571CF9F09E38}.Release|Any CPU.Build.0 = Release|Any CPU
	EndGlobalSection
	GlobalSection(SolutionProperties) = preSolution
		HideSolutionNode = FALSE
	EndGlobalSection
	GlobalSection(ExtensibilityGlobals) = postSolution
		SolutionGuid = {AE8511CF-1986-4859-B251-E281C71EE980}
	EndGlobalSection
EndGlobal
